
Microsoft Visual Studio Solution File, Format Version 12.00
Project("{FAE04EC0-301F-11D3-BF4B-00C04F79EFBC}") = "TodoListProject", "TodoListProject\TodoListProject.csproj", "{F66049E7-7A74-4544-B73A-E6EE7243AB5E}"
EndProject
Global
	GlobalSection(SolutionConfigurationPlatforms) = preSolution
		Debug|Any CPU = Debug|Any CPU
		Release|Any CPU = Release|Any CPU
	EndGlobalSection
	GlobalSection(ProjectConfigurationPlatforms) = postSolution
		{F66049E7-7A74-4544-B73A-E6EE7243AB5E}.Debug|Any CPU.ActiveCfg = Debug|Any CPU
		{F66049E7-7A74-4544-B73A-E6EE7243AB5E}.Debug|Any CPU.Build.0 = Debug|Any CPU
		{F66049E7-7A74-4544-B73A-E6EE7243AB5E}.Release|Any CPU.ActiveCfg = Release|Any CPU
		{F66049E7-7A74-4544-B73A-E6EE7243AB5E}.Release|Any CPU.Build.0 = Release|Any CPU
	EndGlobalSection
EndGlobal
